
Microsoft Visual Studio Solution File, Format Version 12.00
# Visual Studio 15
VisualStudioVersion = 15.0.28307.572
MinimumVisualStudioVersion = 10.0.40219.1
Project("{9A19103F-16F7-4668-BE54-9A1E7A4F7556}") = "BursaryTracer.Domain", "BursaryTracer.Domain\BursaryTracer.Domain.csproj", "{5EE38143-6EFE-4F29-862A-BB921C54953B}"
EndProject
Project("{9A19103F-16F7-4668-BE54-9A1E7A4F7556}") = "BursaryTracer.Data", "BursaryTracer.Data\BursaryTracer.Data.csproj", "{A2E7E89E-F7BD-4EC9-95BD-DC89CA5334AC}"
EndProject
Project("{FAE04EC0-301F-11D3-BF4B-00C04F79EFBC}") = "BursaryTracer.Api", "BursaryTracer.Api\BursaryTracer.Api.csproj", "{8A10D5F8-7397-4225-BA30-24D708C787E4}"
EndProject
Global
	GlobalSection(SolutionConfigurationPlatforms) = preSolution
		Debug|Any CPU = Debug|Any CPU
		Release|Any CPU = Release|Any CPU
	EndGlobalSection
	GlobalSection(ProjectConfigurationPlatforms) = postSolution
		{5EE38143-6EFE-4F29-862A-BB921C54953B}.Debug|Any CPU.ActiveCfg = Debug|Any CPU
		{5EE38143-6EFE-4F29-862A-BB921C54953B}.Debug|Any CPU.Build.0 = Debug|Any CPU
		{5EE38143-6EFE-4F29-862A-BB921C54953B}.Release|Any CPU.ActiveCfg = Release|Any CPU
		{5EE38143-6EFE-4F29-862A-BB921C54953B}.Release|Any CPU.Build.0 = Release|Any CPU
		{A2E7E89E-F7BD-4EC9-95BD-DC89CA5334AC}.Debug|Any CPU.ActiveCfg = Debug|Any CPU
		{A2E7E89E-F7BD-4EC9-95BD-DC89CA5334AC}.Debug|Any CPU.Build.0 = Debug|Any CPU
		{A2E7E89E-F7BD-4EC9-95BD-DC89CA5334AC}.Release|Any CPU.ActiveCfg = Release|Any CPU
		{A2E7E89E-F7BD-4EC9-95BD-DC89CA5334AC}.Release|Any CPU.Build.0 = Release|Any CPU
		{8A10D5F8-7397-4225-BA30-24D708C787E4}.Debug|Any CPU.ActiveCfg = Debug|Any CPU
		{8A10D5F8-7397-4225-BA30-24D708C787E4}.Debug|Any CPU.Build.0 = Debug|Any CPU
		{8A10D5F8-7397-4225-BA30-24D708C787E4}.Release|Any CPU.ActiveCfg = Release|Any CPU
		{8A10D5F8-7397-4225-BA30-24D708C787E4}.Release|Any CPU.Build.0 = Release|Any CPU
	EndGlobalSection
	GlobalSection(SolutionProperties) = preSolution
		HideSolutionNode = FALSE
	EndGlobalSection
	GlobalSection(ExtensibilityGlobals) = postSolution
		SolutionGuid = {B2C3360F-AAA7-4B2F-A75A-672A3FDE735E}
	EndGlobalSection
EndGlobal
